schema: '2.0'
stages:
  download:
    cmd: poetry run python src/creditcard_ml/scripts/download_data.py
    deps:
    - path: src/creditcard_ml/scripts/download_data.py
      hash: md5
      md5: 27568f68e78f09e9f6b2511528762f61
      size: 552
    outs:
    - path: data/creditcard.csv
      hash: md5
      md5: e5986c63f371b335fceb7778f4ca65c9
      size: 151102405
  preprocess:
    cmd: poetry run python src/creditcard_ml/scripts/preprocess.py
    deps:
    - path: data/creditcard.csv
      hash: md5
      md5: e5986c63f371b335fceb7778f4ca65c9
      size: 151102405
    - path: src/creditcard_ml/scripts/preprocess.py
      hash: md5
      md5: f6b5213d44d4184b7af375eeba15e956
      size: 1120
    outs:
    - path: data/processed.csv
      hash: md5
      md5: d30e0b8a125279b66b8874bc1d90d994
      size: 162424924
  train:
    cmd: poetry run python src/creditcard_ml/scripts/train.py
    deps:
    - path: data/processed.csv
      hash: md5
      md5: d30e0b8a125279b66b8874bc1d90d994
      size: 162424924
    - path: src/creditcard_ml/scripts/train.py
      hash: md5
      md5: a7e42b9cec2acbffc99b33de3e180dd8
      size: 915
    outs:
    - path: metrics.json
      hash: md5
      md5: 57e649c06f35e6be56b2a392d116a79d
      size: 443
    - path: src/creditcard_ml/model/model.pkl
      hash: md5
      md5: f3d15333f447f7f8dc12dc75cb281cc5
      size: 4432921
  evaluate:
    cmd: poetry run python src/creditcard_ml/scripts/evaluate.py
    deps:
    - path: data/processed.csv
      hash: md5
      md5: d30e0b8a125279b66b8874bc1d90d994
      size: 162424924
    - path: src/creditcard_ml/model/model.pkl
      hash: md5
      md5: f3d15333f447f7f8dc12dc75cb281cc5
      size: 4432921
    - path: src/creditcard_ml/scripts/evaluate.py
      hash: md5
      md5: ee2c473695e4392332fcbdce742b00d0
      size: 671
    outs:
    - path: eval.json
      hash: md5
      md5: e4a7646c4b67bfa20459e30ea6428ba5
      size: 33
