schema: '2.0'
stages:
  download:
    cmd: poetry run python src/creditcard_ml/scripts/download_data.py
    deps:
    - path: src/creditcard_ml/scripts/download_data.py
      hash: md5
      md5: 27568f68e78f09e9f6b2511528762f61
      size: 552
    outs:
    - path: data/creditcard.csv
      hash: md5
      md5: e5986c63f371b335fceb7778f4ca65c9
      size: 151102405
  preprocess:
    cmd: poetry run python src/creditcard_ml/scripts/preprocess.py
    deps:
    - path: data/creditcard.csv
      hash: md5
      md5: e5986c63f371b335fceb7778f4ca65c9
      size: 151102405
    - path: src/creditcard_ml/scripts/preprocess.py
      hash: md5
      md5: f6b5213d44d4184b7af375eeba15e956
      size: 1120
    outs:
    - path: data/processed.csv
      hash: md5
      md5: d30e0b8a125279b66b8874bc1d90d994
      size: 162424924
  train:
    cmd: poetry run train
    deps:
    - path: data/processed.csv
      hash: md5
      md5: d30e0b8a125279b66b8874bc1d90d994
      size: 162424924
      isexec: true
    - path: src/creditcard_ml/core/feature_engineering.py
      hash: md5
      md5: 7ce64dd96b02584ea57506a611a81ea4
      size: 766
      isexec: true
    - path: src/creditcard_ml/training/train.py
      hash: md5
      md5: 6d4611da26a6c2db7c8000e50c03be8a
      size: 1662
      isexec: true
    outs:
    - path: metrics.json
      hash: md5
      md5: 24edba0d3ed4dfef8c53b553d3a38500
      size: 138
    - path: src/creditcard_ml/model/model.pkl
      hash: md5
      md5: c0f8c8b78258e538b012d5d549d4d747
      size: 6363321
  evaluate:
    cmd: poetry run python src/creditcard_ml/scripts/evaluate.py
    deps:
    - path: data/processed.csv
      hash: md5
      md5: d30e0b8a125279b66b8874bc1d90d994
      size: 162424924
      isexec: true
    - path: src/creditcard_ml/model/model.pkl
      hash: md5
      md5: c0f8c8b78258e538b012d5d549d4d747
      size: 6363321
    - path: src/creditcard_ml/scripts/evaluate.py
      hash: md5
      md5: ee2c473695e4392332fcbdce742b00d0
      size: 671
      isexec: true
    outs:
    - path: eval.json
      hash: md5
      md5: 83d576156eb3ee9fd233e67d5b16fe26
      size: 33
