schema: '2.0'
stages:
  download:
    cmd: poetry run python src/creditcard_ml/scripts/download_data.py
    deps:
    - path: src/creditcard_ml/scripts/download_data.py
      hash: md5
      md5: 27568f68e78f09e9f6b2511528762f61
      size: 552
    outs:
    - path: data/creditcard.csv
      hash: md5
      md5: e5986c63f371b335fceb7778f4ca65c9
      size: 151102405
  preprocess:
    cmd: poetry run python src/creditcard_ml/scripts/preprocess.py
    deps:
    - path: data/creditcard.csv
      hash: md5
      md5: e5986c63f371b335fceb7778f4ca65c9
      size: 151102405
    - path: src/creditcard_ml/scripts/preprocess.py
      hash: md5
      md5: 53c7e64d3ad58b65afed7a690cf59016
      size: 578
    outs:
    - path: data/processed.csv
      hash: md5
      md5: d8ff90032246098b1287eb29b0a0c5b0
      size: 162424924
  train:
    cmd: poetry run python src/creditcard_ml/scripts/train.py
    deps:
    - path: data/processed.csv
      hash: md5
      md5: d8ff90032246098b1287eb29b0a0c5b0
      size: 162424924
    - path: src/creditcard_ml/scripts/train.py
      hash: md5
      md5: 75f2c5f34cbd9df2d7d2b52209d5a3df
      size: 989
    outs:
    - path: metrics.json
      hash: md5
      md5: d0ee37eaf75f4b3cb4156bc5867a78a7
      size: 734
    - path: src/creditcard_ml/model/model.pkl
      hash: md5
      md5: 588f5b595e4966a1c690ac9fcbf98a53
      size: 2505561
  evaluate:
    cmd: poetry run python src/creditcard_ml/scripts/evaluate.py
    deps:
    - path: data/processed.csv
      hash: md5
      md5: d8ff90032246098b1287eb29b0a0c5b0
      size: 162424924
    - path: src/creditcard_ml/model/model.pkl
      hash: md5
      md5: 588f5b595e4966a1c690ac9fcbf98a53
      size: 2505561
    - path: src/creditcard_ml/scripts/evaluate.py
      hash: md5
      md5: 2e204a52ddea5dfd32dcabf3671635ea
      size: 562
    outs:
    - path: eval.json
      hash: md5
      md5: 14b8218e87d90cd899eaa8db9a3b41c4
      size: 35
